// !$*UTF8*$!
{
	archiveVersion = 1;
	classes = {
	};
	objectVersion = 56;
	objects = {

/* Begin PBXBuildFile section */
		6E0D4E882BE3F2E9009C3427 /* UsersGitAppApp.swift in Sources */ = {isa = PBXBuildFile; fileRef = 6E0D4E872BE3F2E9009C3427 /* UsersGitAppApp.swift */; };
		6E0D4E8A2BE3F2E9009C3427 /* ContentView.swift in Sources */ = {isa = PBXBuildFile; fileRef = 6E0D4E892BE3F2E9009C3427 /* ContentView.swift */; };
		6E0D4E8C2BE3F2EC009C3427 /* Assets.xcassets in Resources */ = {isa = PBXBuildFile; fileRef = 6E0D4E8B2BE3F2EC009C3427 /* Assets.xcassets */; };
		6E0D4E8F2BE3F2EC009C3427 /* Preview Assets.xcassets in Resources */ = {isa = PBXBuildFile; fileRef = 6E0D4E8E2BE3F2EC009C3427 /* Preview Assets.xcassets */; };
		6E0D4E992BE3F2EC009C3427 /* UsersGitAppTests.swift in Sources */ = {isa = PBXBuildFile; fileRef = 6E0D4E982BE3F2EC009C3427 /* UsersGitAppTests.swift */; };
		6E0D4EA32BE3F2EC009C3427 /* UsersGitAppUITests.swift in Sources */ = {isa = PBXBuildFile; fileRef = 6E0D4EA22BE3F2EC009C3427 /* UsersGitAppUITests.swift */; };
		6E0D4EA52BE3F2EC009C3427 /* UsersGitAppUITestsLaunchTests.swift in Sources */ = {isa = PBXBuildFile; fileRef = 6E0D4EA42BE3F2EC009C3427 /* UsersGitAppUITestsLaunchTests.swift */; };
		6E0D4EB32BE3F3B0009C3427 /* GitHubUser.swift in Sources */ = {isa = PBXBuildFile; fileRef = 6E0D4EB22BE3F3B0009C3427 /* GitHubUser.swift */; };
		6EB5BE4E2BE4128A00FA4EFA /* HomeView.swift in Sources */ = {isa = PBXBuildFile; fileRef = 6EB5BE4D2BE4128A00FA4EFA /* HomeView.swift */; };
		6EB5BE502BE412AB00FA4EFA /* UsersView.swift in Sources */ = {isa = PBXBuildFile; fileRef = 6EB5BE4F2BE412AB00FA4EFA /* UsersView.swift */; };
		6EB5BE532BE41BCA00FA4EFA /* GetUser.swift in Sources */ = {isa = PBXBuildFile; fileRef = 6EB5BE522BE41BCA00FA4EFA /* GetUser.swift */; };
		6EB5BE562BE41EC200FA4EFA /* APIError.swift in Sources */ = {isa = PBXBuildFile; fileRef = 6EB5BE552BE41EC200FA4EFA /* APIError.swift */; };
		6EB5BE592BE4484B00FA4EFA /* userViewModel.swift in Sources */ = {isa = PBXBuildFile; fileRef = 6EB5BE582BE4484B00FA4EFA /* userViewModel.swift */; };
		6EB5BE5B2BE4508B00FA4EFA /* GitHubUsers.swift in Sources */ = {isa = PBXBuildFile; fileRef = 6EB5BE5A2BE4508B00FA4EFA /* GitHubUsers.swift */; };
/* End PBXBuildFile section */

/* Begin PBXContainerItemProxy section */
		6E0D4E952BE3F2EC009C3427 /* PBXContainerItemProxy */ = {
			isa = PBXContainerItemProxy;
			containerPortal = 6E0D4E7C2BE3F2E9009C3427 /* Project object */;
			proxyType = 1;
			remoteGlobalIDString = 6E0D4E832BE3F2E9009C3427;
			remoteInfo = UsersGitApp;
		};
		6E0D4E9F2BE3F2EC009C3427 /* PBXContainerItemProxy */ = {
			isa = PBXContainerItemProxy;
			containerPortal = 6E0D4E7C2BE3F2E9009C3427 /* Project object */;
			proxyType = 1;
			remoteGlobalIDString = 6E0D4E832BE3F2E9009C3427;
			remoteInfo = UsersGitApp;
		};
/* End PBXContainerItemProxy section */

/* Begin PBXFileReference section */
		6E0D4E842BE3F2E9009C3427 /* UsersGitApp.app */ = {isa = PBXFileReference; explicitFileType = wrapper.application; includeInIndex = 0; path = UsersGitApp.app; sourceTree = BUILT_PRODUCTS_DIR; };
		6E0D4E872BE3F2E9009C3427 /* UsersGitAppApp.swift */ = {isa = PBXFileReference; lastKnownFileType = sourcecode.swift; path = UsersGitAppApp.swift; sourceTree = "<group>"; };
		6E0D4E892BE3F2E9009C3427 /* ContentView.swift */ = {isa = PBXFileReference; lastKnownFileType = sourcecode.swift; path = ContentView.swift; sourceTree = "<group>"; };
		6E0D4E8B2BE3F2EC009C3427 /* Assets.xcassets */ = {isa = PBXFileReference; lastKnownFileType = folder.assetcatalog; path = Assets.xcassets; sourceTree = "<group>"; };
		6E0D4E8E2BE3F2EC009C3427 /* Preview Assets.xcassets */ = {isa = PBXFileReference; lastKnownFileType = folder.assetcatalog; path = "Preview Assets.xcassets"; sourceTree = "<group>"; };
		6E0D4E942BE3F2EC009C3427 /* UsersGitAppTests.xctest */ = {isa = PBXFileReference; explicitFileType = wrapper.cfbundle; includeInIndex = 0; path = UsersGitAppTests.xctest; sourceTree = BUILT_PRODUCTS_DIR; };
		6E0D4E982BE3F2EC009C3427 /* UsersGitAppTests.swift */ = {isa = PBXFileReference; lastKnownFileType = sourcecode.swift; path = UsersGitAppTests.swift; sourceTree = "<group>"; };
		6E0D4E9E2BE3F2EC009C3427 /* UsersGitAppUITests.xctest */ = {isa = PBXFileReference; explicitFileType = wrapper.cfbundle; includeInIndex = 0; path = UsersGitAppUITests.xctest; sourceTree = BUILT_PRODUCTS_DIR; };
		6E0D4EA22BE3F2EC009C3427 /* UsersGitAppUITests.swift */ = {isa = PBXFileReference; lastKnownFileType = sourcecode.swift; path = UsersGitAppUITests.swift; sourceTree = "<group>"; };
		6E0D4EA42BE3F2EC009C3427 /* UsersGitAppUITestsLaunchTests.swift */ = {isa = PBXFileReference; lastKnownFileType = sourcecode.swift; path = UsersGitAppUITestsLaunchTests.swift; sourceTree = "<group>"; };
		6E0D4EB22BE3F3B0009C3427 /* GitHubUser.swift */ = {isa = PBXFileReference; lastKnownFileType = sourcecode.swift; path = GitHubUser.swift; sourceTree = "<group>"; };
		6EB5BE4D2BE4128A00FA4EFA /* HomeView.swift */ = {isa = PBXFileReference; lastKnownFileType = sourcecode.swift; path = HomeView.swift; sourceTree = "<group>"; };
		6EB5BE4F2BE412AB00FA4EFA /* UsersView.swift */ = {isa = PBXFileReference; lastKnownFileType = sourcecode.swift; path = UsersView.swift; sourceTree = "<group>"; };
		6EB5BE522BE41BCA00FA4EFA /* GetUser.swift */ = {isa = PBXFileReference; lastKnownFileType = sourcecode.swift; path = GetUser.swift; sourceTree = "<group>"; };
		6EB5BE552BE41EC200FA4EFA /* APIError.swift */ = {isa = PBXFileReference; lastKnownFileType = sourcecode.swift; path = APIError.swift; sourceTree = "<group>"; };
		6EB5BE582BE4484B00FA4EFA /* userViewModel.swift */ = {isa = PBXFileReference; lastKnownFileType = sourcecode.swift; path = userViewModel.swift; sourceTree = "<group>"; };
		6EB5BE5A2BE4508B00FA4EFA /* GitHubUsers.swift */ = {isa = PBXFileReference; lastKnownFileType = sourcecode.swift; path = GitHubUsers.swift; sourceTree = "<group>"; };
/* End PBXFileReference section */

/* Begin PBXFrameworksBuildPhase section */
		6E0D4E812BE3F2E9009C3427 /* Frameworks */ = {
			isa = PBXFrameworksBuildPhase;
			buildActionMask = 2147483647;
			files = (
			);
			runOnlyForDeploymentPostprocessing = 0;
		};
		6E0D4E912BE3F2EC009C3427 /* Frameworks */ = {
			isa = PBXFrameworksBuildPhase;
			buildActionMask = 2147483647;
			files = (
			);
			runOnlyForDeploymentPostprocessing = 0;
		};
		6E0D4E9B2BE3F2EC009C3427 /* Frameworks */ = {
			isa = PBXFrameworksBuildPhase;
			buildActionMask = 2147483647;
			files = (
			);
			runOnlyForDeploymentPostprocessing = 0;
		};
/* End PBXFrameworksBuildPhase section */

/* Begin PBXGroup section */
		6E0D4E7B2BE3F2E9009C3427 = {
			isa = PBXGroup;
			children = (
				6E0D4E862BE3F2E9009C3427 /* UsersGitApp */,
				6E0D4E972BE3F2EC009C3427 /* UsersGitAppTests */,
				6E0D4EA12BE3F2EC009C3427 /* UsersGitAppUITests */,
				6E0D4E852BE3F2E9009C3427 /* Products */,
			);
			sourceTree = "<group>";
		};
		6E0D4E852BE3F2E9009C3427 /* Products */ = {
			isa = PBXGroup;
			children = (
				6E0D4E842BE3F2E9009C3427 /* UsersGitApp.app */,
				6E0D4E942BE3F2EC009C3427 /* UsersGitAppTests.xctest */,
				6E0D4E9E2BE3F2EC009C3427 /* UsersGitAppUITests.xctest */,
			);
			name = Products;
			sourceTree = "<group>";
		};
		6E0D4E862BE3F2E9009C3427 /* UsersGitApp */ = {
			isa = PBXGroup;
			children = (
				6EB5BE572BE4483700FA4EFA /* ViewModel */,
				6EB5BE542BE41EAD00FA4EFA /* Errors */,
				6EB5BE512BE41BBC00FA4EFA /* Services */,
				6EB5BE4C2BE4127A00FA4EFA /* Views */,
				6E0D4EB12BE3F38D009C3427 /* Models */,
				6E0D4E872BE3F2E9009C3427 /* UsersGitAppApp.swift */,
				6E0D4E892BE3F2E9009C3427 /* ContentView.swift */,
				6E0D4E8B2BE3F2EC009C3427 /* Assets.xcassets */,
				6E0D4E8D2BE3F2EC009C3427 /* Preview Content */,
			);
			path = UsersGitApp;
			sourceTree = "<group>";
		};
		6E0D4E8D2BE3F2EC009C3427 /* Preview Content */ = {
			isa = PBXGroup;
			children = (
				6E0D4E8E2BE3F2EC009C3427 /* Preview Assets.xcassets */,
			);
			path = "Preview Content";
			sourceTree = "<group>";
		};
		6E0D4E972BE3F2EC009C3427 /* UsersGitAppTests */ = {
			isa = PBXGroup;
			children = (
				6E0D4E982BE3F2EC009C3427 /* UsersGitAppTests.swift */,
			);
			path = UsersGitAppTests;
			sourceTree = "<group>";
		};
		6E0D4EA12BE3F2EC009C3427 /* UsersGitAppUITests */ = {
			isa = PBXGroup;
			children = (
				6E0D4EA22BE3F2EC009C3427 /* UsersGitAppUITests.swift */,
				6E0D4EA42BE3F2EC009C3427 /* UsersGitAppUITestsLaunchTests.swift */,
			);
			path = UsersGitAppUITests;
			sourceTree = "<group>";
		};
		6E0D4EB12BE3F38D009C3427 /* Models */ = {
			isa = PBXGroup;
			children = (
				6E0D4EB22BE3F3B0009C3427 /* GitHubUser.swift */,
				6EB5BE5A2BE4508B00FA4EFA /* GitHubUsers.swift */,
			);
			path = Models;
			sourceTree = "<group>";
		};
		6EB5BE4C2BE4127A00FA4EFA /* Views */ = {
			isa = PBXGroup;
			children = (
				6EB5BE4D2BE4128A00FA4EFA /* HomeView.swift */,
				6EB5BE4F2BE412AB00FA4EFA /* UsersView.swift */,
			);
			path = Views;
			sourceTree = "<group>";
		};
		6EB5BE512BE41BBC00FA4EFA /* Services */ = {
			isa = PBXGroup;
			children = (
				6EB5BE522BE41BCA00FA4EFA /* GetUser.swift */,
			);
			path = Services;
			sourceTree = "<group>";
		};
		6EB5BE542BE41EAD00FA4EFA /* Errors */ = {
			isa = PBXGroup;
			children = (
				6EB5BE552BE41EC200FA4EFA /* APIError.swift */,
			);
			path = Errors;
			sourceTree = "<group>";
		};
		6EB5BE572BE4483700FA4EFA /* ViewModel */ = {
			isa = PBXGroup;
			children = (
				6EB5BE582BE4484B00FA4EFA /* userViewModel.swift */,
			);
			path = ViewModel;
			sourceTree = "<group>";
		};
/* End PBXGroup section */

/* Begin PBXNativeTarget section */
		6E0D4E832BE3F2E9009C3427 /* UsersGitApp */ = {
			isa = PBXNativeTarget;
			buildConfigurationList = 6E0D4EA82BE3F2EC009C3427 /* Build configuration list for PBXNativeTarget "UsersGitApp" */;
			buildPhases = (
				6E0D4E802BE3F2E9009C3427 /* Sources */,
				6E0D4E812BE3F2E9009C3427 /* Frameworks */,
				6E0D4E822BE3F2E9009C3427 /* Resources */,
			);
			buildRules = (
			);
			dependencies = (
			);
			name = UsersGitApp;
			productName = UsersGitApp;
			productReference = 6E0D4E842BE3F2E9009C3427 /* UsersGitApp.app */;
			productType = "com.apple.product-type.application";
		};
		6E0D4E932BE3F2EC009C3427 /* UsersGitAppTests */ = {
			isa = PBXNativeTarget;
			buildConfigurationList = 6E0D4EAB2BE3F2EC009C3427 /* Build configuration list for PBXNativeTarget "UsersGitAppTests" */;
			buildPhases = (
				6E0D4E902BE3F2EC009C3427 /* Sources */,
				6E0D4E912BE3F2EC009C3427 /* Frameworks */,
				6E0D4E922BE3F2EC009C3427 /* Resources */,
			);
			buildRules = (
			);
			dependencies = (
				6E0D4E962BE3F2EC009C3427 /* PBXTargetDependency */,
			);
			name = UsersGitAppTests;
			productName = UsersGitAppTests;
			productReference = 6E0D4E942BE3F2EC009C3427 /* UsersGitAppTests.xctest */;
			productType = "com.apple.product-type.bundle.unit-test";
		};
		6E0D4E9D2BE3F2EC009C3427 /* UsersGitAppUITests */ = {
			isa = PBXNativeTarget;
			buildConfigurationList = 6E0D4EAE2BE3F2EC009C3427 /* Build configuration list for PBXNativeTarget "UsersGitAppUITests" */;
			buildPhases = (
				6E0D4E9A2BE3F2EC009C3427 /* Sources */,
				6E0D4E9B2BE3F2EC009C3427 /* Frameworks */,
				6E0D4E9C2BE3F2EC009C3427 /* Resources */,
			);
			buildRules = (
			);
			dependencies = (
				6E0D4EA02BE3F2EC009C3427 /* PBXTargetDependency */,
			);
			name = UsersGitAppUITests;
			productName = UsersGitAppUITests;
			productReference = 6E0D4E9E2BE3F2EC009C3427 /* UsersGitAppUITests.xctest */;
			productType = "com.apple.product-type.bundle.ui-testing";
		};
/* End PBXNativeTarget section */

/* Begin PBXProject section */
		6E0D4E7C2BE3F2E9009C3427 /* Project object */ = {
			isa = PBXProject;
			attributes = {
				BuildIndependentTargetsInParallel = 1;
				LastSwiftUpdateCheck = 1520;
				LastUpgradeCheck = 1520;
				TargetAttributes = {
					6E0D4E832BE3F2E9009C3427 = {
						CreatedOnToolsVersion = 15.2;
					};
					6E0D4E932BE3F2EC009C3427 = {
						CreatedOnToolsVersion = 15.2;
						TestTargetID = 6E0D4E832BE3F2E9009C3427;
					};
					6E0D4E9D2BE3F2EC009C3427 = {
						CreatedOnToolsVersion = 15.2;
						TestTargetID = 6E0D4E832BE3F2E9009C3427;
					};
				};
			};
			buildConfigurationList = 6E0D4E7F2BE3F2E9009C3427 /* Build configuration list for PBXProject "UsersGitApp" */;
			compatibilityVersion = "Xcode 14.0";
			developmentRegion = en;
			hasScannedForEncodings = 0;
			knownRegions = (
				en,
				Base,
			);
			mainGroup = 6E0D4E7B2BE3F2E9009C3427;
			productRefGroup = 6E0D4E852BE3F2E9009C3427 /* Products */;
			projectDirPath = "";
			projectRoot = "";
			targets = (
				6E0D4E832BE3F2E9009C3427 /* UsersGitApp */,
				6E0D4E932BE3F2EC009C3427 /* UsersGitAppTests */,
				6E0D4E9D2BE3F2EC009C3427 /* UsersGitAppUITests */,
			);
		};
/* End PBXProject section */

/* Begin PBXResourcesBuildPhase section */
		6E0D4E822BE3F2E9009C3427 /* Resources */ = {
			isa = PBXResourcesBuildPhase;
			buildActionMask = 2147483647;
			files = (
				6E0D4E8F2BE3F2EC009C3427 /* Preview Assets.xcassets in Resources */,
				6E0D4E8C2BE3F2EC009C3427 /* Assets.xcassets in Resources */,
			);
			runOnlyForDeploymentPostprocessing = 0;
		};
		6E0D4E922BE3F2EC009C3427 /* Resources */ = {
			isa = PBXResourcesBuildPhase;
			buildActionMask = 2147483647;
			files = (
			);
			runOnlyForDeploymentPostprocessing = 0;
		};
		6E0D4E9C2BE3F2EC009C3427 /* Resources */ = {
			isa = PBXResourcesBuildPhase;
			buildActionMask = 2147483647;
			files = (
			);
			runOnlyForDeploymentPostprocessing = 0;
		};
/* End PBXResourcesBuildPhase section */

/* Begin PBXSourcesBuildPhase section */
		6E0D4E802BE3F2E9009C3427 /* Sources */ = {
			isa = PBXSourcesBuildPhase;
			buildActionMask = 2147483647;
			files = (
				6EB5BE502BE412AB00FA4EFA /* UsersView.swift in Sources */,
				6EB5BE592BE4484B00FA4EFA /* userViewModel.swift in Sources */,
				6E0D4E8A2BE3F2E9009C3427 /* ContentView.swift in Sources */,
				6EB5BE4E2BE4128A00FA4EFA /* HomeView.swift in Sources */,
				6EB5BE532BE41BCA00FA4EFA /* GetUser.swift in Sources */,
				6E0D4E882BE3F2E9009C3427 /* UsersGitAppApp.swift in Sources */,
				6E0D4EB32BE3F3B0009C3427 /* GitHubUser.swift in Sources */,
				6EB5BE562BE41EC200FA4EFA /* APIError.swift in Sources */,
				6EB5BE5B2BE4508B00FA4EFA /* GitHubUsers.swift in Sources */,
			);
			runOnlyForDeploymentPostprocessing = 0;
		};
		6E0D4E902BE3F2EC009C3427 /* Sources */ = {
			isa = PBXSourcesBuildPhase;
			buildActionMask = 2147483647;
			files = (
				6E0D4E992BE3F2EC009C3427 /* UsersGitAppTests.swift in Sources */,
			);
			runOnlyForDeploymentPostprocessing = 0;
		};
		6E0D4E9A2BE3F2EC009C3427 /* Sources */ = {
			isa = PBXSourcesBuildPhase;
			buildActionMask = 2147483647;
			files = (
				6E0D4EA52BE3F2EC009C3427 /* UsersGitAppUITestsLaunchTests.swift in Sources */,
				6E0D4EA32BE3F2EC009C3427 /* UsersGitAppUITests.swift in Sources */,
			);
			runOnlyForDeploymentPostprocessing = 0;
		};
/* End PBXSourcesBuildPhase section */

/* Begin PBXTargetDependency section */
		6E0D4E962BE3F2EC009C3427 /* PBXTargetDependency */ = {
			isa = PBXTargetDependency;
			target = 6E0D4E832BE3F2E9009C3427 /* UsersGitApp */;
			targetProxy = 6E0D4E952BE3F2EC009C3427 /* PBXContainerItemProxy */;
		};
		6E0D4EA02BE3F2EC009C3427 /* PBXTargetDependency */ = {
			isa = PBXTargetDependency;
			target = 6E0D4E832BE3F2E9009C3427 /* UsersGitApp */;
			targetProxy = 6E0D4E9F2BE3F2EC009C3427 /* PBXContainerItemProxy */;
		};
/* End PBXTargetDependency section */

/* Begin XCBuildConfiguration section */
		6E0D4EA62BE3F2EC009C3427 /* Debug */ = {
			isa = XCBuildConfiguration;
			buildSettings = {
				ALWAYS_SEARCH_USER_PATHS = NO;
				ASSETCATALOG_COMPILER_GENERATE_SWIFT_ASSET_SYMBOL_EXTENSIONS = YES;
				CLANG_ANALYZER_NONNULL = YES;
				CLANG_ANALYZER_NUMBER_OBJECT_CONVERSION = YES_AGGRESSIVE;
				CLANG_CXX_LANGUAGE_STANDARD = "gnu++20";
				CLANG_ENABLE_MODULES = YES;
				CLANG_ENABLE_OBJC_ARC = YES;
				CLANG_ENABLE_OBJC_WEAK = YES;
				CLANG_WARN_BLOCK_CAPTURE_AUTORELEASING = YES;
				CLANG_WARN_BOOL_CONVERSION = YES;
				CLANG_WARN_COMMA = YES;
				CLANG_WARN_CONSTANT_CONVERSION = YES;
				CLANG_WARN_DEPRECATED_OBJC_IMPLEMENTATIONS = YES;
				CLANG_WARN_DIRECT_OBJC_ISA_USAGE = YES_ERROR;
				CLANG_WARN_DOCUMENTATION_COMMENTS = YES;
				CLANG_WARN_EMPTY_BODY = YES;
				CLANG_WARN_ENUM_CONVERSION = YES;
				CLANG_WARN_INFINITE_RECURSION = YES;
				CLANG_WARN_INT_CONVERSION = YES;
				CLANG_WARN_NON_LITERAL_NULL_CONVERSION = YES;
				CLANG_WARN_OBJC_IMPLICIT_RETAIN_SELF = YES;
				CLANG_WARN_OBJC_LITERAL_CONVERSION = YES;
				CLANG_WARN_OBJC_ROOT_CLASS = YES_ERROR;
				CLANG_WARN_QUOTED_INCLUDE_IN_FRAMEWORK_HEADER = YES;
				CLANG_WARN_RANGE_LOOP_ANALYSIS = YES;
				CLANG_WARN_STRICT_PROTOTYPES = YES;
				CLANG_WARN_SUSPICIOUS_MOVE = YES;
				CLANG_WARN_UNGUARDED_AVAILABILITY = YES_AGGRESSIVE;
				CLANG_WARN_UNREACHABLE_CODE = YES;
				CLANG_WARN__DUPLICATE_METHOD_MATCH = YES;
				COPY_PHASE_STRIP = NO;
				DEBUG_INFORMATION_FORMAT = dwarf;
				ENABLE_STRICT_OBJC_MSGSEND = YES;
				ENABLE_TESTABILITY = YES;
				ENABLE_USER_SCRIPT_SANDBOXING = YES;
				GCC_C_LANGUAGE_STANDARD = gnu17;
				GCC_DYNAMIC_NO_PIC = NO;
				GCC_NO_COMMON_BLOCKS = YES;
				GCC_OPTIMIZATION_LEVEL = 0;
				GCC_PREPROCESSOR_DEFINITIONS = (
					"DEBUG=1",
					"$(inherited)",
				);
				GCC_WARN_64_TO_32_BIT_CONVERSION = YES;
				GCC_WARN_ABOUT_RETURN_TYPE = YES_ERROR;
				GCC_WARN_UNDECLARED_SELECTOR = YES;
				GCC_WARN_UNINITIALIZED_AUTOS = YES_AGGRESSIVE;
				GCC_WARN_UNUSED_FUNCTION = YES;
				GCC_WARN_UNUSED_VARIABLE = YES;
				IPHONEOS_DEPLOYMENT_TARGET = 17.2;
				LOCALIZATION_PREFERS_STRING_CATALOGS = YES;
				MTL_ENABLE_DEBUG_INFO = INCLUDE_SOURCE;
				MTL_FAST_MATH = YES;
				ONLY_ACTIVE_ARCH = YES;
				SDKROOT = iphoneos;
				SWIFT_ACTIVE_COMPILATION_CONDITIONS = "DEBUG $(inherited)";
				SWIFT_OPTIMIZATION_LEVEL = "-Onone";
			};
			name = Debug;
		};
		6E0D4EA72BE3F2EC009C3427 /* Release */ = {
			isa = XCBuildConfiguration;
			buildSettings = {
				ALWAYS_SEARCH_USER_PATHS = NO;
				ASSETCATALOG_COMPILER_GENERATE_SWIFT_ASSET_SYMBOL_EXTENSIONS = YES;
				CLANG_ANALYZER_NONNULL = YES;
				CLANG_ANALYZER_NUMBER_OBJECT_CONVERSION = YES_AGGRESSIVE;
				CLANG_CXX_LANGUAGE_STANDARD = "gnu++20";
				CLANG_ENABLE_MODULES = YES;
				CLANG_ENABLE_OBJC_ARC = YES;
				CLANG_ENABLE_OBJC_WEAK = YES;
				CLANG_WARN_BLOCK_CAPTURE_AUTORELEASING = YES;
				CLANG_WARN_BOOL_CONVERSION = YES;
				CLANG_WARN_COMMA = YES;
				CLANG_WARN_CONSTANT_CONVERSION = YES;
				CLANG_WARN_DEPRECATED_OBJC_IMPLEMENTATIONS = YES;
				CLANG_WARN_DIRECT_OBJC_ISA_USAGE = YES_ERROR;
				CLANG_WARN_DOCUMENTATION_COMMENTS = YES;
				CLANG_WARN_EMPTY_BODY = YES;
				CLANG_WARN_ENUM_CONVERSION = YES;
				CLANG_WARN_INFINITE_RECURSION = YES;
				CLANG_WARN_INT_CONVERSION = YES;
				CLANG_WARN_NON_LITERAL_NULL_CONVERSION = YES;
				CLANG_WARN_OBJC_IMPLICIT_RETAIN_SELF = YES;
				CLANG_WARN_OBJC_LITERAL_CONVERSION = YES;
				CLANG_WARN_OBJC_ROOT_CLASS = YES_ERROR;
				CLANG_WARN_QUOTED_INCLUDE_IN_FRAMEWORK_HEADER = YES;
				CLANG_WARN_RANGE_LOOP_ANALYSIS = YES;
				CLANG_WARN_STRICT_PROTOTYPES = YES;
				CLANG_WARN_SUSPICIOUS_MOVE = YES;
				CLANG_WARN_UNGUARDED_AVAILABILITY = YES_AGGRESSIVE;
				CLANG_WARN_UNREACHABLE_CODE = YES;
				CLANG_WARN__DUPLICATE_METHOD_MATCH = YES;
				COPY_PHASE_STRIP = NO;
				DEBUG_INFORMATION_FORMAT = "dwarf-with-dsym";
				ENABLE_NS_ASSERTIONS = NO;
				ENABLE_STRICT_OBJC_MSGSEND = YES;
				ENABLE_USER_SCRIPT_SANDBOXING = YES;
				GCC_C_LANGUAGE_STANDARD = gnu17;
				GCC_NO_COMMON_BLOCKS = YES;
				GCC_WARN_64_TO_32_BIT_CONVERSION = YES;
				GCC_WARN_ABOUT_RETURN_TYPE = YES_ERROR;
				GCC_WARN_UNDECLARED_SELECTOR = YES;
				GCC_WARN_UNINITIALIZED_AUTOS = YES_AGGRESSIVE;
				GCC_WARN_UNUSED_FUNCTION = YES;
				GCC_WARN_UNUSED_VARIABLE = YES;
				IPHONEOS_DEPLOYMENT_TARGET = 17.2;
				LOCALIZATION_PREFERS_STRING_CATALOGS = YES;
				MTL_ENABLE_DEBUG_INFO = NO;
				MTL_FAST_MATH = YES;
				SDKROOT = iphoneos;
				SWIFT_COMPILATION_MODE = wholemodule;
				VALIDATE_PRODUCT = YES;
			};
			name = Release;
		};
		6E0D4EA92BE3F2EC009C3427 /* Debug */ = {
			isa = XCBuildConfiguration;
			buildSettings = {
				ASSETCATALOG_COMPILER_APPICON_NAME = AppIcon;
				ASSETCATALOG_COMPILER_GLOBAL_ACCENT_COLOR_NAME = AccentColor;
				CODE_SIGN_STYLE = Automatic;
				CURRENT_PROJECT_VERSION = 1;
				DEVELOPMENT_ASSET_PATHS = "\"UsersGitApp/Preview Content\"";
				ENABLE_PREVIEWS = YES;
				GENERATE_INFOPLIST_FILE = YES;
				INFOPLIST_KEY_UIApplicationSceneManifest_Generation = YES;
				INFOPLIST_KEY_UIApplicationSupportsIndirectInputEvents = YES;
				INFOPLIST_KEY_UILaunchScreen_Generation = YES;
				INFOPLIST_KEY_UISupportedInterfaceOrientations_iPad = "UIInterfaceOrientationPortrait UIInterfaceOrientationPortraitUpsideDown UIInterfaceOrientationLandscapeLeft UIInterfaceOrientationLandscapeRight";
				INFOPLIST_KEY_UISupportedInterfaceOrientations_iPhone = "UIInterfaceOrientationPortrait UIInterfaceOrientationLandscapeLeft UIInterfaceOrientationLandscapeRight";
				LD_RUNPATH_SEARCH_PATHS = (
					"$(inherited)",
					"@executable_path/Frameworks",
				);
				MARKETING_VERSION = 1.0;
				PRODUCT_BUNDLE_IDENTIFIER = cristian.laguna.UsersGitApp;
				PRODUCT_NAME = "$(TARGET_NAME)";
				SWIFT_EMIT_LOC_STRINGS = YES;
				SWIFT_VERSION = 5.0;
				TARGETED_DEVICE_FAMILY = "1,2";
			};
			name = Debug;
		};
		6E0D4EAA2BE3F2EC009C3427 /* Release */ = {
			isa = XCBuildConfiguration;
			buildSettings = {
				ASSETCATALOG_COMPILER_APPICON_NAME = AppIcon;
				ASSETCATALOG_COMPILER_GLOBAL_ACCENT_COLOR_NAME = AccentColor;
				CODE_SIGN_STYLE = Automatic;
				CURRENT_PROJECT_VERSION = 1;
				DEVELOPMENT_ASSET_PATHS = "\"UsersGitApp/Preview Content\"";
				ENABLE_PREVIEWS = YES;
				GENERATE_INFOPLIST_FILE = YES;
				INFOPLIST_KEY_UIApplicationSceneManifest_Generation = YES;
				INFOPLIST_KEY_UIApplicationSupportsIndirectInputEvents = YES;
				INFOPLIST_KEY_UILaunchScreen_Generation = YES;
				INFOPLIST_KEY_UISupportedInterfaceOrientations_iPad = "UIInterfaceOrientationPortrait UIInterfaceOrientationPortraitUpsideDown UIInterfaceOrientationLandscapeLeft UIInterfaceOrientationLandscapeRight";
				INFOPLIST_KEY_UISupportedInterfaceOrientations_iPhone = "UIInterfaceOrientationPortrait UIInterfaceOrientationLandscapeLeft UIInterfaceOrientationLandscapeRight";
				LD_RUNPATH_SEARCH_PATHS = (
					"$(inherited)",
					"@executable_path/Frameworks",
				);
				MARKETING_VERSION = 1.0;
				PRODUCT_BUNDLE_IDENTIFIER = cristian.laguna.UsersGitApp;
				PRODUCT_NAME = "$(TARGET_NAME)";
				SWIFT_EMIT_LOC_STRINGS = YES;
				SWIFT_VERSION = 5.0;
				TARGETED_DEVICE_FAMILY = "1,2";
			};
			name = Release;
		};
		6E0D4EAC2BE3F2EC009C3427 /* Debug */ = {
			isa = XCBuildConfiguration;
			buildSettings = {
				ALWAYS_EMBED_SWIFT_STANDARD_LIBRARIES = YES;
				BUNDLE_LOADER = "$(TEST_HOST)";
				CODE_SIGN_STYLE = Automatic;
				CURRENT_PROJECT_VERSION = 1;
				GENERATE_INFOPLIST_FILE = YES;
				IPHONEOS_DEPLOYMENT_TARGET = 17.2;
				MARKETING_VERSION = 1.0;
				PRODUCT_BUNDLE_IDENTIFIER = cristian.laguna.UsersGitAppTests;
				PRODUCT_NAME = "$(TARGET_NAME)";
				SWIFT_EMIT_LOC_STRINGS = NO;
				SWIFT_VERSION = 5.0;
				TARGETED_DEVICE_FAMILY = "1,2";
				TEST_HOST = "$(BUILT_PRODUCTS_DIR)/UsersGitApp.app/$(BUNDLE_EXECUTABLE_FOLDER_PATH)/UsersGitApp";
			};
			name = Debug;
		};
		6E0D4EAD2BE3F2EC009C3427 /* Release */ = {
			isa = XCBuildConfiguration;
			buildSettings = {
				ALWAYS_EMBED_SWIFT_STANDARD_LIBRARIES = YES;
				BUNDLE_LOADER = "$(TEST_HOST)";
				CODE_SIGN_STYLE = Automatic;
				CURRENT_PROJECT_VERSION = 1;
				GENERATE_INFOPLIST_FILE = YES;
				IPHONEOS_DEPLOYMENT_TARGET = 17.2;
				MARKETING_VERSION = 1.0;
				PRODUCT_BUNDLE_IDENTIFIER = cristian.laguna.UsersGitAppTests;
				PRODUCT_NAME = "$(TARGET_NAME)";
				SWIFT_EMIT_LOC_STRINGS = NO;
				SWIFT_VERSION = 5.0;
				TARGETED_DEVICE_FAMILY = "1,2";
				TEST_HOST = "$(BUILT_PRODUCTS_DIR)/UsersGitApp.app/$(BUNDLE_EXECUTABLE_FOLDER_PATH)/UsersGitApp";
			};
			name = Release;
		};
		6E0D4EAF2BE3F2EC009C3427 /* Debug */ = {
			isa = XCBuildConfiguration;
			buildSettings = {
				ALWAYS_EMBED_SWIFT_STANDARD_LIBRARIES = YES;
				CODE_SIGN_STYLE = Automatic;
				CURRENT_PROJECT_VERSION = 1;
				GENERATE_INFOPLIST_FILE = YES;
				MARKETING_VERSION = 1.0;
				PRODUCT_BUNDLE_IDENTIFIER = cristian.laguna.UsersGitAppUITests;
				PRODUCT_NAME = "$(TARGET_NAME)";
				SWIFT_EMIT_LOC_STRINGS = NO;
				SWIFT_VERSION = 5.0;
				TARGETED_DEVICE_FAMILY = "1,2";
				TEST_TARGET_NAME = UsersGitApp;
			};
			name = Debug;
		};
		6E0D4EB02BE3F2EC009C3427 /* Release */ = {
			isa = XCBuildConfiguration;
			buildSettings = {
				ALWAYS_EMBED_SWIFT_STANDARD_LIBRARIES = YES;
				CODE_SIGN_STYLE = Automatic;
				CURRENT_PROJECT_VERSION = 1;
				GENERATE_INFOPLIST_FILE = YES;
				MARKETING_VERSION = 1.0;
				PRODUCT_BUNDLE_IDENTIFIER = cristian.laguna.UsersGitAppUITests;
				PRODUCT_NAME = "$(TARGET_NAME)";
				SWIFT_EMIT_LOC_STRINGS = NO;
				SWIFT_VERSION = 5.0;
				TARGETED_DEVICE_FAMILY = "1,2";
				TEST_TARGET_NAME = UsersGitApp;
			};
			name = Release;
		};
/* End XCBuildConfiguration section */

/* Begin XCConfigurationList section */
		6E0D4E7F2BE3F2E9009C3427 /* Build configuration list for PBXProject "UsersGitApp" */ = {
			isa = XCConfigurationList;
			buildConfigurations = (
				6E0D4EA62BE3F2EC009C3427 /* Debug */,
				6E0D4EA72BE3F2EC009C3427 /* Release */,
			);
			defaultConfigurationIsVisible = 0;
			defaultConfigurationName = Release;
		};
		6E0D4EA82BE3F2EC009C3427 /* Build configuration list for PBXNativeTarget "UsersGitApp" */ = {
			isa = XCConfigurationList;
			buildConfigurations = (
				6E0D4EA92BE3F2EC009C3427 /* Debug */,
				6E0D4EAA2BE3F2EC009C3427 /* Release */,
			);
			defaultConfigurationIsVisible = 0;
			defaultConfigurationName = Release;
		};
		6E0D4EAB2BE3F2EC009C3427 /* Build configuration list for PBXNativeTarget "UsersGitAppTests" */ = {
			isa = XCConfigurationList;
			buildConfigurations = (
				6E0D4EAC2BE3F2EC009C3427 /* Debug */,
				6E0D4EAD2BE3F2EC009C3427 /* Release */,
			);
			defaultConfigurationIsVisible = 0;
			defaultConfigurationName = Release;
		};
		6E0D4EAE2BE3F2EC009C3427 /* Build configuration list for PBXNativeTarget "UsersGitAppUITests" */ = {
			isa = XCConfigurationList;
			buildConfigurations = (
				6E0D4EAF2BE3F2EC009C3427 /* Debug */,
				6E0D4EB02BE3F2EC009C3427 /* Release */,
			);
			defaultConfigurationIsVisible = 0;
			defaultConfigurationName = Release;
		};
/* End XCConfigurationList section */
	};
	rootObject = 6E0D4E7C2BE3F2E9009C3427 /* Project object */;
}
